// !$*UTF8*$!
{
	archiveVersion = 1;
	classes = {
	};
	objectVersion = 56;
	objects = {

/* Begin PBXBuildFile section */
		3FD443C32965B015003E802B /* fffdApp.swift in Sources */ = {isa = PBXBuildFile; fileRef = 3FD443C22965B015003E802B /* fffdApp.swift */; };
		3FD443C52965B015003E802B /* ContentView.swift in Sources */ = {isa = PBXBuildFile; fileRef = 3FD443C42965B015003E802B /* ContentView.swift */; };
		3FD443C72965B018003E802B /* Assets.xcassets in Resources */ = {isa = PBXBuildFile; fileRef = 3FD443C62965B018003E802B /* Assets.xcassets */; };
		3FD443CB2965B018003E802B /* Preview Assets.xcassets in Resources */ = {isa = PBXBuildFile; fileRef = 3FD443CA2965B018003E802B /* Preview Assets.xcassets */; };
		3FD443D52965B019003E802B /* fffdTests.swift in Sources */ = {isa = PBXBuildFile; fileRef = 3FD443D42965B019003E802B /* fffdTests.swift */; };
		3FD443DF2965B019003E802B /* fffdUITests.swift in Sources */ = {isa = PBXBuildFile; fileRef = 3FD443DE2965B019003E802B /* fffdUITests.swift */; };
		3FD443E12965B019003E802B /* fffdUITestsLaunchTests.swift in Sources */ = {isa = PBXBuildFile; fileRef = 3FD443E02965B019003E802B /* fffdUITestsLaunchTests.swift */; };
/* End PBXBuildFile section */

/* Begin PBXContainerItemProxy section */
		3FD443D12965B019003E802B /* PBXContainerItemProxy */ = {
			isa = PBXContainerItemProxy;
			containerPortal = 3FD443B72965B015003E802B /* Project object */;
			proxyType = 1;
			remoteGlobalIDString = 3FD443BE2965B015003E802B;
			remoteInfo = fffd;
		};
		3FD443DB2965B019003E802B /* PBXContainerItemProxy */ = {
			isa = PBXContainerItemProxy;
			containerPortal = 3FD443B72965B015003E802B /* Project object */;
			proxyType = 1;
			remoteGlobalIDString = 3FD443BE2965B015003E802B;
			remoteInfo = fffd;
		};
/* End PBXContainerItemProxy section */

/* Begin PBXFileReference section */
		3FD443BF2965B015003E802B /* fffd.app */ = {isa = PBXFileReference; explicitFileType = wrapper.application; includeInIndex = 0; path = fffd.app; sourceTree = BUILT_PRODUCTS_DIR; };
		3FD443C22965B015003E802B /* fffdApp.swift */ = {isa = PBXFileReference; lastKnownFileType = sourcecode.swift; path = fffdApp.swift; sourceTree = "<group>"; };
		3FD443C42965B015003E802B /* ContentView.swift */ = {isa = PBXFileReference; lastKnownFileType = sourcecode.swift; path = ContentView.swift; sourceTree = "<group>"; };
		3FD443C62965B018003E802B /* Assets.xcassets */ = {isa = PBXFileReference; lastKnownFileType = folder.assetcatalog; path = Assets.xcassets; sourceTree = "<group>"; };
		3FD443C82965B018003E802B /* fffd.entitlements */ = {isa = PBXFileReference; lastKnownFileType = text.plist.entitlements; path = fffd.entitlements; sourceTree = "<group>"; };
		3FD443CA2965B018003E802B /* Preview Assets.xcassets */ = {isa = PBXFileReference; lastKnownFileType = folder.assetcatalog; path = "Preview Assets.xcassets"; sourceTree = "<group>"; };
		3FD443D02965B019003E802B /* fffdTests.xctest */ = {isa = PBXFileReference; explicitFileType = wrapper.cfbundle; includeInIndex = 0; path = fffdTests.xctest; sourceTree = BUILT_PRODUCTS_DIR; };
		3FD443D42965B019003E802B /* fffdTests.swift */ = {isa = PBXFileReference; lastKnownFileType = sourcecode.swift; path = fffdTests.swift; sourceTree = "<group>"; };
		3FD443DA2965B019003E802B /* fffdUITests.xctest */ = {isa = PBXFileReference; explicitFileType = wrapper.cfbundle; includeInIndex = 0; path = fffdUITests.xctest; sourceTree = BUILT_PRODUCTS_DIR; };
		3FD443DE2965B019003E802B /* fffdUITests.swift */ = {isa = PBXFileReference; lastKnownFileType = sourcecode.swift; path = fffdUITests.swift; sourceTree = "<group>"; };
		3FD443E02965B019003E802B /* fffdUITestsLaunchTests.swift */ = {isa = PBXFileReference; lastKnownFileType = sourcecode.swift; path = fffdUITestsLaunchTests.swift; sourceTree = "<group>"; };
/* End PBXFileReference section */

/* Begin PBXFrameworksBuildPhase section */
		3FD443BC2965B015003E802B /* Frameworks */ = {
			isa = PBXFrameworksBuildPhase;
			buildActionMask = 2147483647;
			files = (
			);
			runOnlyForDeploymentPostprocessing = 0;
		};
		3FD443CD2965B019003E802B /* Frameworks */ = {
			isa = PBXFrameworksBuildPhase;
			buildActionMask = 2147483647;
			files = (
			);
			runOnlyForDeploymentPostprocessing = 0;
		};
		3FD443D72965B019003E802B /* Frameworks */ = {
			isa = PBXFrameworksBuildPhase;
			buildActionMask = 2147483647;
			files = (
			);
			runOnlyForDeploymentPostprocessing = 0;
		};
/* End PBXFrameworksBuildPhase section */

/* Begin PBXGroup section */
		3FD443B62965B015003E802B = {
			isa = PBXGroup;
			children = (
				3FD443C12965B015003E802B /* fffd */,
				3FD443D32965B019003E802B /* fffdTests */,
				3FD443DD2965B019003E802B /* fffdUITests */,
				3FD443C02965B015003E802B /* Products */,
			);
			sourceTree = "<group>";
		};
		3FD443C02965B015003E802B /* Products */ = {
			isa = PBXGroup;
			children = (
				3FD443BF2965B015003E802B /* fffd.app */,
				3FD443D02965B019003E802B /* fffdTests.xctest */,
				3FD443DA2965B019003E802B /* fffdUITests.xctest */,
			);
			name = Products;
			sourceTree = "<group>";
		};
		3FD443C12965B015003E802B /* fffd */ = {
			isa = PBXGroup;
			children = (
				3FD443C22965B015003E802B /* fffdApp.swift */,
				3FD443C42965B015003E802B /* ContentView.swift */,
				3FD443C62965B018003E802B /* Assets.xcassets */,
				3FD443C82965B018003E802B /* fffd.entitlements */,
				3FD443C92965B018003E802B /* Preview Content */,
			);
			path = fffd;
			sourceTree = "<group>";
		};
		3FD443C92965B018003E802B /* Preview Content */ = {
			isa = PBXGroup;
			children = (
				3FD443CA2965B018003E802B /* Preview Assets.xcassets */,
			);
			path = "Preview Content";
			sourceTree = "<group>";
		};
		3FD443D32965B019003E802B /* fffdTests */ = {
			isa = PBXGroup;
			children = (
				3FD443D42965B019003E802B /* fffdTests.swift */,
			);
			path = fffdTests;
			sourceTree = "<group>";
		};
		3FD443DD2965B019003E802B /* fffdUITests */ = {
			isa = PBXGroup;
			children = (
				3FD443DE2965B019003E802B /* fffdUITests.swift */,
				3FD443E02965B019003E802B /* fffdUITestsLaunchTests.swift */,
			);
			path = fffdUITests;
			sourceTree = "<group>";
		};
/* End PBXGroup section */

/* Begin PBXNativeTarget section */
		3FD443BE2965B015003E802B /* fffd */ = {
			isa = PBXNativeTarget;
			buildConfigurationList = 3FD443E42965B019003E802B /* Build configuration list for PBXNativeTarget "fffd" */;
			buildPhases = (
				3FD443BB2965B015003E802B /* Sources */,
				3FD443BC2965B015003E802B /* Frameworks */,
				3FD443BD2965B015003E802B /* Resources */,
			);
			buildRules = (
			);
			dependencies = (
			);
			name = fffd;
			productName = fffd;
			productReference = 3FD443BF2965B015003E802B /* fffd.app */;
			productType = "com.apple.product-type.application";
		};
		3FD443CF2965B019003E802B /* fffdTests */ = {
			isa = PBXNativeTarget;
			buildConfigurationList = 3FD443E72965B019003E802B /* Build configuration list for PBXNativeTarget "fffdTests" */;
			buildPhases = (
				3FD443CC2965B019003E802B /* Sources */,
				3FD443CD2965B019003E802B /* Frameworks */,
				3FD443CE2965B019003E802B /* Resources */,
			);
			buildRules = (
			);
			dependencies = (
				3FD443D22965B019003E802B /* PBXTargetDependency */,
			);
			name = fffdTests;
			productName = fffdTests;
			productReference = 3FD443D02965B019003E802B /* fffdTests.xctest */;
			productType = "com.apple.product-type.bundle.unit-test";
		};
		3FD443D92965B019003E802B /* fffdUITests */ = {
			isa = PBXNativeTarget;
			buildConfigurationList = 3FD443EA2965B019003E802B /* Build configuration list for PBXNativeTarget "fffdUITests" */;
			buildPhases = (
				3FD443D62965B019003E802B /* Sources */,
				3FD443D72965B019003E802B /* Frameworks */,
				3FD443D82965B019003E802B /* Resources */,
			);
			buildRules = (
			);
			dependencies = (
				3FD443DC2965B019003E802B /* PBXTargetDependency */,
			);
			name = fffdUITests;
			productName = fffdUITests;
			productReference = 3FD443DA2965B019003E802B /* fffdUITests.xctest */;
			productType = "com.apple.product-type.bundle.ui-testing";
		};
/* End PBXNativeTarget section */

/* Begin PBXProject section */
		3FD443B72965B015003E802B /* Project object */ = {
			isa = PBXProject;
			attributes = {
				BuildIndependentTargetsInParallel = 1;
				LastSwiftUpdateCheck = 1420;
				LastUpgradeCheck = 1420;
				TargetAttributes = {
					3FD443BE2965B015003E802B = {
						CreatedOnToolsVersion = 14.2;
					};
					3FD443CF2965B019003E802B = {
						CreatedOnToolsVersion = 14.2;
						TestTargetID = 3FD443BE2965B015003E802B;
					};
					3FD443D92965B019003E802B = {
						CreatedOnToolsVersion = 14.2;
						TestTargetID = 3FD443BE2965B015003E802B;
					};
				};
			};
			buildConfigurationList = 3FD443BA2965B015003E802B /* Build configuration list for PBXProject "fffd" */;
			compatibilityVersion = "Xcode 14.0";
			developmentRegion = en;
			hasScannedForEncodings = 0;
			knownRegions = (
				en,
				Base,
			);
			mainGroup = 3FD443B62965B015003E802B;
			productRefGroup = 3FD443C02965B015003E802B /* Products */;
			projectDirPath = "";
			projectRoot = "";
			targets = (
				3FD443BE2965B015003E802B /* fffd */,
				3FD443CF2965B019003E802B /* fffdTests */,
				3FD443D92965B019003E802B /* fffdUITests */,
			);
		};
/* End PBXProject section */

/* Begin PBXResourcesBuildPhase section */
		3FD443BD2965B015003E802B /* Resources */ = {
			isa = PBXResourcesBuildPhase;
			buildActionMask = 2147483647;
			files = (
				3FD443CB2965B018003E802B /* Preview Assets.xcassets in Resources */,
				3FD443C72965B018003E802B /* Assets.xcassets in Resources */,
			);
			runOnlyForDeploymentPostprocessing = 0;
		};
		3FD443CE2965B019003E802B /* Resources */ = {
			isa = PBXResourcesBuildPhase;
			buildActionMask = 2147483647;
			files = (
			);
			runOnlyForDeploymentPostprocessing = 0;
		};
		3FD443D82965B019003E802B /* Resources */ = {
			isa = PBXResourcesBuildPhase;
			buildActionMask = 2147483647;
			files = (
			);
			runOnlyForDeploymentPostprocessing = 0;
		};
/* End PBXResourcesBuildPhase section */

/* Begin PBXSourcesBuildPhase section */
		3FD443BB2965B015003E802B /* Sources */ = {
			isa = PBXSourcesBuildPhase;
			buildActionMask = 2147483647;
			files = (
				3FD443C52965B015003E802B /* ContentView.swift in Sources */,
				3FD443C32965B015003E802B /* fffdApp.swift in Sources */,
			);
			runOnlyForDeploymentPostprocessing = 0;
		};
		3FD443CC2965B019003E802B /* Sources */ = {
			isa = PBXSourcesBuildPhase;
			buildActionMask = 2147483647;
			files = (
				3FD443D52965B019003E802B /* fffdTests.swift in Sources */,
			);
			runOnlyForDeploymentPostprocessing = 0;
		};
		3FD443D62965B019003E802B /* Sources */ = {
			isa = PBXSourcesBuildPhase;
			buildActionMask = 2147483647;
			files = (
				3FD443E12965B019003E802B /* fffdUITestsLaunchTests.swift in Sources */,
				3FD443DF2965B019003E802B /* fffdUITests.swift in Sources */,
			);
			runOnlyForDeploymentPostprocessing = 0;
		};
/* End PBXSourcesBuildPhase section */

/* Begin PBXTargetDependency section */
		3FD443D22965B019003E802B /* PBXTargetDependency */ = {
			isa = PBXTargetDependency;
			target = 3FD443BE2965B015003E802B /* fffd */;
			targetProxy = 3FD443D12965B019003E802B /* PBXContainerItemProxy */;
		};
		3FD443DC2965B019003E802B /* PBXTargetDependency */ = {
			isa = PBXTargetDependency;
			target = 3FD443BE2965B015003E802B /* fffd */;
			targetProxy = 3FD443DB2965B019003E802B /* PBXContainerItemProxy */;
		};
/* End PBXTargetDependency section */

/* Begin XCBuildConfiguration section */
		3FD443E22965B019003E802B /* Debug */ = {
			isa = XCBuildConfiguration;
			buildSettings = {
				ALWAYS_SEARCH_USER_PATHS = NO;
				CLANG_ANALYZER_NONNULL = YES;
				CLANG_ANALYZER_NUMBER_OBJECT_CONVERSION = YES_AGGRESSIVE;
				CLANG_CXX_LANGUAGE_STANDARD = "gnu++20";
				CLANG_ENABLE_MODULES = YES;
				CLANG_ENABLE_OBJC_ARC = YES;
				CLANG_ENABLE_OBJC_WEAK = YES;
				CLANG_WARN_BLOCK_CAPTURE_AUTORELEASING = YES;
				CLANG_WARN_BOOL_CONVERSION = YES;
				CLANG_WARN_COMMA = YES;
				CLANG_WARN_CONSTANT_CONVERSION = YES;
				CLANG_WARN_DEPRECATED_OBJC_IMPLEMENTATIONS = YES;
				CLANG_WARN_DIRECT_OBJC_ISA_USAGE = YES_ERROR;
				CLANG_WARN_DOCUMENTATION_COMMENTS = YES;
				CLANG_WARN_EMPTY_BODY = YES;
				CLANG_WARN_ENUM_CONVERSION = YES;
				CLANG_WARN_INFINITE_RECURSION = YES;
				CLANG_WARN_INT_CONVERSION = YES;
				CLANG_WARN_NON_LITERAL_NULL_CONVERSION = YES;
				CLANG_WARN_OBJC_IMPLICIT_RETAIN_SELF = YES;
				CLANG_WARN_OBJC_LITERAL_CONVERSION = YES;
				CLANG_WARN_OBJC_ROOT_CLASS = YES_ERROR;
				CLANG_WARN_QUOTED_INCLUDE_IN_FRAMEWORK_HEADER = YES;
				CLANG_WARN_RANGE_LOOP_ANALYSIS = YES;
				CLANG_WARN_STRICT_PROTOTYPES = YES;
				CLANG_WARN_SUSPICIOUS_MOVE = YES;
				CLANG_WARN_UNGUARDED_AVAILABILITY = YES_AGGRESSIVE;
				CLANG_WARN_UNREACHABLE_CODE = YES;
				CLANG_WARN__DUPLICATE_METHOD_MATCH = YES;
				COPY_PHASE_STRIP = NO;
				DEBUG_INFORMATION_FORMAT = dwarf;
				ENABLE_STRICT_OBJC_MSGSEND = YES;
				ENABLE_TESTABILITY = YES;
				GCC_C_LANGUAGE_STANDARD = gnu11;
				GCC_DYNAMIC_NO_PIC = NO;
				GCC_NO_COMMON_BLOCKS = YES;
				GCC_OPTIMIZATION_LEVEL = 0;
				GCC_PREPROCESSOR_DEFINITIONS = (
					"DEBUG=1",
					"$(inherited)",
				);
				GCC_WARN_64_TO_32_BIT_CONVERSION = YES;
				GCC_WARN_ABOUT_RETURN_TYPE = YES_ERROR;
				GCC_WARN_UNDECLARED_SELECTOR = YES;
				GCC_WARN_UNINITIALIZED_AUTOS = YES_AGGRESSIVE;
				GCC_WARN_UNUSED_FUNCTION = YES;
				GCC_WARN_UNUSED_VARIABLE = YES;
				MTL_ENABLE_DEBUG_INFO = INCLUDE_SOURCE;
				MTL_FAST_MATH = YES;
				ONLY_ACTIVE_ARCH = YES;
				SWIFT_ACTIVE_COMPILATION_CONDITIONS = DEBUG;
				SWIFT_OPTIMIZATION_LEVEL = "-Onone";
			};
			name = Debug;
		};
		3FD443E32965B019003E802B /* Release */ = {
			isa = XCBuildConfiguration;
			buildSettings = {
				ALWAYS_SEARCH_USER_PATHS = NO;
				CLANG_ANALYZER_NONNULL = YES;
				CLANG_ANALYZER_NUMBER_OBJECT_CONVERSION = YES_AGGRESSIVE;
				CLANG_CXX_LANGUAGE_STANDARD = "gnu++20";
				CLANG_ENABLE_MODULES = YES;
				CLANG_ENABLE_OBJC_ARC = YES;
				CLANG_ENABLE_OBJC_WEAK = YES;
				CLANG_WARN_BLOCK_CAPTURE_AUTORELEASING = YES;
				CLANG_WARN_BOOL_CONVERSION = YES;
				CLANG_WARN_COMMA = YES;
				CLANG_WARN_CONSTANT_CONVERSION = YES;
				CLANG_WARN_DEPRECATED_OBJC_IMPLEMENTATIONS = YES;
				CLANG_WARN_DIRECT_OBJC_ISA_USAGE = YES_ERROR;
				CLANG_WARN_DOCUMENTATION_COMMENTS = YES;
				CLANG_WARN_EMPTY_BODY = YES;
				CLANG_WARN_ENUM_CONVERSION = YES;
				CLANG_WARN_INFINITE_RECURSION = YES;
				CLANG_WARN_INT_CONVERSION = YES;
				CLANG_WARN_NON_LITERAL_NULL_CONVERSION = YES;
				CLANG_WARN_OBJC_IMPLICIT_RETAIN_SELF = YES;
				CLANG_WARN_OBJC_LITERAL_CONVERSION = YES;
				CLANG_WARN_OBJC_ROOT_CLASS = YES_ERROR;
				CLANG_WARN_QUOTED_INCLUDE_IN_FRAMEWORK_HEADER = YES;
				CLANG_WARN_RANGE_LOOP_ANALYSIS = YES;
				CLANG_WARN_STRICT_PROTOTYPES = YES;
				CLANG_WARN_SUSPICIOUS_MOVE = YES;
				CLANG_WARN_UNGUARDED_AVAILABILITY = YES_AGGRESSIVE;
				CLANG_WARN_UNREACHABLE_CODE = YES;
				CLANG_WARN__DUPLICATE_METHOD_MATCH = YES;
				COPY_PHASE_STRIP = NO;
				DEBUG_INFORMATION_FORMAT = "dwarf-with-dsym";
				ENABLE_NS_ASSERTIONS = NO;
				ENABLE_STRICT_OBJC_MSGSEND = YES;
				GCC_C_LANGUAGE_STANDARD = gnu11;
				GCC_NO_COMMON_BLOCKS = YES;
				GCC_WARN_64_TO_32_BIT_CONVERSION = YES;
				GCC_WARN_ABOUT_RETURN_TYPE = YES_ERROR;
				GCC_WARN_UNDECLARED_SELECTOR = YES;
				GCC_WARN_UNINITIALIZED_AUTOS = YES_AGGRESSIVE;
				GCC_WARN_UNUSED_FUNCTION = YES;
				GCC_WARN_UNUSED_VARIABLE = YES;
				MTL_ENABLE_DEBUG_INFO = NO;
				MTL_FAST_MATH = YES;
				SWIFT_COMPILATION_MODE = wholemodule;
				SWIFT_OPTIMIZATION_LEVEL = "-O";
			};
			name = Release;
		};
		3FD443E52965B019003E802B /* Debug */ = {
			isa = XCBuildConfiguration;
			buildSettings = {
				ASSETCATALOG_COMPILER_APPICON_NAME = AppIcon;
				ASSETCATALOG_COMPILER_GLOBAL_ACCENT_COLOR_NAME = AccentColor;
				CODE_SIGN_ENTITLEMENTS = fffd/fffd.entitlements;
				CODE_SIGN_STYLE = Automatic;
				CURRENT_PROJECT_VERSION = 1;
				DEVELOPMENT_ASSET_PATHS = "\"fffd/Preview Content\"";
				DEVELOPMENT_TEAM = Q59F3FQQ2T;
				ENABLE_HARDENED_RUNTIME = YES;
				ENABLE_PREVIEWS = YES;
				GENERATE_INFOPLIST_FILE = YES;
				"INFOPLIST_KEY_UIApplicationSceneManifest_Generation[sdk=iphoneos*]" = YES;
				"INFOPLIST_KEY_UIApplicationSceneManifest_Generation[sdk=iphonesimulator*]" = YES;
				"INFOPLIST_KEY_UIApplicationSupportsIndirectInputEvents[sdk=iphoneos*]" = YES;
				"INFOPLIST_KEY_UIApplicationSupportsIndirectInputEvents[sdk=iphonesimulator*]" = YES;
				"INFOPLIST_KEY_UILaunchScreen_Generation[sdk=iphoneos*]" = YES;
				"INFOPLIST_KEY_UILaunchScreen_Generation[sdk=iphonesimulator*]" = YES;
				"INFOPLIST_KEY_UIStatusBarStyle[sdk=iphoneos*]" = UIStatusBarStyleDefault;
				"INFOPLIST_KEY_UIStatusBarStyle[sdk=iphonesimulator*]" = UIStatusBarStyleDefault;
				INFOPLIST_KEY_UISupportedInterfaceOrientations_iPad = "UIInterfaceOrientationPortrait UIInterfaceOrientationPortraitUpsideDown UIInterfaceOrientationLandscapeLeft UIInterfaceOrientationLandscapeRight";
				INFOPLIST_KEY_UISupportedInterfaceOrientations_iPhone = "UIInterfaceOrientationPortrait UIInterfaceOrientationLandscapeLeft UIInterfaceOrientationLandscapeRight";
				IPHONEOS_DEPLOYMENT_TARGET = 16.2;
				LD_RUNPATH_SEARCH_PATHS = "@executable_path/Frameworks";
				"LD_RUNPATH_SEARCH_PATHS[sdk=macosx*]" = "@executable_path/../Frameworks";
				MACOSX_DEPLOYMENT_TARGET = 13.1;
				MARKETING_VERSION = 1.0;
				PRODUCT_BUNDLE_IDENTIFIER = a.fffd;
				PRODUCT_NAME = "$(TARGET_NAME)";
				SDKROOT = auto;
				SUPPORTED_PLATFORMS = "iphoneos iphonesimulator macosx";
				SWIFT_EMIT_LOC_STRINGS = YES;
				SWIFT_VERSION = 5.0;
				TARGETED_DEVICE_FAMILY = "1,2";
			};
			name = Debug;
		};
		3FD443E62965B019003E802B /* Release */ = {
			isa = XCBuildConfiguration;
			buildSettings = {
				ASSETCATALOG_COMPILER_APPICON_NAME = AppIcon;
				ASSETCATALOG_COMPILER_GLOBAL_ACCENT_COLOR_NAME = AccentColor;
				CODE_SIGN_ENTITLEMENTS = fffd/fffd.entitlements;
				CODE_SIGN_STYLE = Automatic;
				CURRENT_PROJECT_VERSION = 1;
				DEVELOPMENT_ASSET_PATHS = "\"fffd/Preview Content\"";
				DEVELOPMENT_TEAM = Q59F3FQQ2T;
				ENABLE_HARDENED_RUNTIME = YES;
				ENABLE_PREVIEWS = YES;
				GENERATE_INFOPLIST_FILE = YES;
				"INFOPLIST_KEY_UIApplicationSceneManifest_Generation[sdk=iphoneos*]" = YES;
				"INFOPLIST_KEY_UIApplicationSceneManifest_Generation[sdk=iphonesimulator*]" = YES;
				"INFOPLIST_KEY_UIApplicationSupportsIndirectInputEvents[sdk=iphoneos*]" = YES;
				"INFOPLIST_KEY_UIApplicationSupportsIndirectInputEvents[sdk=iphonesimulator*]" = YES;
				"INFOPLIST_KEY_UILaunchScreen_Generation[sdk=iphoneos*]" = YES;
				"INFOPLIST_KEY_UILaunchScreen_Generation[sdk=iphonesimulator*]" = YES;
				"INFOPLIST_KEY_UIStatusBarStyle[sdk=iphoneos*]" = UIStatusBarStyleDefault;
				"INFOPLIST_KEY_UIStatusBarStyle[sdk=iphonesimulator*]" = UIStatusBarStyleDefault;
				INFOPLIST_KEY_UISupportedInterfaceOrientations_iPad = "UIInterfaceOrientationPortrait UIInterfaceOrientationPortraitUpsideDown UIInterfaceOrientationLandscapeLeft UIInterfaceOrientationLandscapeRight";
				INFOPLIST_KEY_UISupportedInterfaceOrientations_iPhone = "UIInterfaceOrientationPortrait UIInterfaceOrientationLandscapeLeft UIInterfaceOrientationLandscapeRight";
				IPHONEOS_DEPLOYMENT_TARGET = 16.2;
				LD_RUNPATH_SEARCH_PATHS = "@executable_path/Frameworks";
				"LD_RUNPATH_SEARCH_PATHS[sdk=macosx*]" = "@executable_path/../Frameworks";
				MACOSX_DEPLOYMENT_TARGET = 13.1;
				MARKETING_VERSION = 1.0;
				PRODUCT_BUNDLE_IDENTIFIER = a.fffd;
				PRODUCT_NAME = "$(TARGET_NAME)";
				SDKROOT = auto;
				SUPPORTED_PLATFORMS = "iphoneos iphonesimulator macosx";
				SWIFT_EMIT_LOC_STRINGS = YES;
				SWIFT_VERSION = 5.0;
				TARGETED_DEVICE_FAMILY = "1,2";
			};
			name = Release;
		};
		3FD443E82965B019003E802B /* Debug */ = {
			isa = XCBuildConfiguration;
			buildSettings = {
				ALWAYS_EMBED_SWIFT_STANDARD_LIBRARIES = YES;
				BUNDLE_LOADER = "$(TEST_HOST)";
				CODE_SIGN_STYLE = Automatic;
				CURRENT_PROJECT_VERSION = 1;
				DEVELOPMENT_TEAM = Q59F3FQQ2T;
				GENERATE_INFOPLIST_FILE = YES;
				IPHONEOS_DEPLOYMENT_TARGET = 16.2;
				MACOSX_DEPLOYMENT_TARGET = 13.1;
				MARKETING_VERSION = 1.0;
				PRODUCT_BUNDLE_IDENTIFIER = a.fffdTests;
				PRODUCT_NAME = "$(TARGET_NAME)";
				SDKROOT = auto;
				SUPPORTED_PLATFORMS = "iphoneos iphonesimulator macosx";
				SWIFT_EMIT_LOC_STRINGS = NO;
				SWIFT_VERSION = 5.0;
				TARGETED_DEVICE_FAMILY = "1,2";
				TEST_HOST = "$(BUILT_PRODUCTS_DIR)/fffd.app/$(BUNDLE_EXECUTABLE_FOLDER_PATH)/fffd";
			};
			name = Debug;
		};
		3FD443E92965B019003E802B /* Release */ = {
			isa = XCBuildConfiguration;
			buildSettings = {
				ALWAYS_EMBED_SWIFT_STANDARD_LIBRARIES = YES;
				BUNDLE_LOADER = "$(TEST_HOST)";
				CODE_SIGN_STYLE = Automatic;
				CURRENT_PROJECT_VERSION = 1;
				DEVELOPMENT_TEAM = Q59F3FQQ2T;
				GENERATE_INFOPLIST_FILE = YES;
				IPHONEOS_DEPLOYMENT_TARGET = 16.2;
				MACOSX_DEPLOYMENT_TARGET = 13.1;
				MARKETING_VERSION = 1.0;
				PRODUCT_BUNDLE_IDENTIFIER = a.fffdTests;
				PRODUCT_NAME = "$(TARGET_NAME)";
				SDKROOT = auto;
				SUPPORTED_PLATFORMS = "iphoneos iphonesimulator macosx";
				SWIFT_EMIT_LOC_STRINGS = NO;
				SWIFT_VERSION = 5.0;
				TARGETED_DEVICE_FAMILY = "1,2";
				TEST_HOST = "$(BUILT_PRODUCTS_DIR)/fffd.app/$(BUNDLE_EXECUTABLE_FOLDER_PATH)/fffd";
			};
			name = Release;
		};
		3FD443EB2965B019003E802B /* Debug */ = {
			isa = XCBuildConfiguration;
			buildSettings = {
				ALWAYS_EMBED_SWIFT_STANDARD_LIBRARIES = YES;
				CODE_SIGN_STYLE = Automatic;
				CURRENT_PROJECT_VERSION = 1;
				DEVELOPMENT_TEAM = Q59F3FQQ2T;
				GENERATE_INFOPLIST_FILE = YES;
				IPHONEOS_DEPLOYMENT_TARGET = 16.2;
				MACOSX_DEPLOYMENT_TARGET = 13.1;
				MARKETING_VERSION = 1.0;
				PRODUCT_BUNDLE_IDENTIFIER = a.fffdUITests;
				PRODUCT_NAME = "$(TARGET_NAME)";
				SDKROOT = auto;
				SUPPORTED_PLATFORMS = "iphoneos iphonesimulator macosx";
				SWIFT_EMIT_LOC_STRINGS = NO;
				SWIFT_VERSION = 5.0;
				TARGETED_DEVICE_FAMILY = "1,2";
				TEST_TARGET_NAME = fffd;
			};
			name = Debug;
		};
		3FD443EC2965B019003E802B /* Release */ = {
			isa = XCBuildConfiguration;
			buildSettings = {
				ALWAYS_EMBED_SWIFT_STANDARD_LIBRARIES = YES;
				CODE_SIGN_STYLE = Automatic;
				CURRENT_PROJECT_VERSION = 1;
				DEVELOPMENT_TEAM = Q59F3FQQ2T;
				GENERATE_INFOPLIST_FILE = YES;
				IPHONEOS_DEPLOYMENT_TARGET = 16.2;
				MACOSX_DEPLOYMENT_TARGET = 13.1;
				MARKETING_VERSION = 1.0;
				PRODUCT_BUNDLE_IDENTIFIER = a.fffdUITests;
				PRODUCT_NAME = "$(TARGET_NAME)";
				SDKROOT = auto;
				SUPPORTED_PLATFORMS = "iphoneos iphonesimulator macosx";
				SWIFT_EMIT_LOC_STRINGS = NO;
				SWIFT_VERSION = 5.0;
				TARGETED_DEVICE_FAMILY = "1,2";
				TEST_TARGET_NAME = fffd;
			};
			name = Release;
		};
/* End XCBuildConfiguration section */

/* Begin XCConfigurationList section */
		3FD443BA2965B015003E802B /* Build configuration list for PBXProject "fffd" */ = {
			isa = XCConfigurationList;
			buildConfigurations = (
				3FD443E22965B019003E802B /* Debug */,
				3FD443E32965B019003E802B /* Release */,
			);
			defaultConfigurationIsVisible = 0;
			defaultConfigurationName = Release;
		};
		3FD443E42965B019003E802B /* Build configuration list for PBXNativeTarget "fffd" */ = {
			isa = XCConfigurationList;
			buildConfigurations = (
				3FD443E52965B019003E802B /* Debug */,
				3FD443E62965B019003E802B /* Release */,
			);
			defaultConfigurationIsVisible = 0;
			defaultConfigurationName = Release;
		};
		3FD443E72965B019003E802B /* Build configuration list for PBXNativeTarget "fffdTests" */ = {
			isa = XCConfigurationList;
			buildConfigurations = (
				3FD443E82965B019003E802B /* Debug */,
				3FD443E92965B019003E802B /* Release */,
			);
			defaultConfigurationIsVisible = 0;
			defaultConfigurationName = Release;
		};
		3FD443EA2965B019003E802B /* Build configuration list for PBXNativeTarget "fffdUITests" */ = {
			isa = XCConfigurationList;
			buildConfigurations = (
				3FD443EB2965B019003E802B /* Debug */,
				3FD443EC2965B019003E802B /* Release */,
			);
			defaultConfigurationIsVisible = 0;
			defaultConfigurationName = Release;
		};
/* End XCConfigurationList section */
	};
	rootObject = 3FD443B72965B015003E802B /* Project object */;
}
